
Microsoft Visual Studio Solution File, Format Version 11.00
# Visual C++ Express 2010
Project("{8BC9CEB8-8B4A-11D0-8D11-00A0C91BC942}") = "0629", "0629\0629.vcxproj", "{4F41F4BE-66ED-44D6-A617-DBE9FB76A2D6}"
EndProject
Global
	GlobalSection(SolutionConfigurationPlatforms) = preSolution
		Debug|Win32 = Debug|Win32
		Release|Win32 = Release|Win32
	EndGlobalSection
	GlobalSection(ProjectConfigurationPlatforms) = postSolution
		{4F41F4BE-66ED-44D6-A617-DBE9FB76A2D6}.Debug|Win32.ActiveCfg = Debug|Win32
		{4F41F4BE-66ED-44D6-A617-DBE9FB76A2D6}.Debug|Win32.Build.0 = Debug|Win32
		{4F41F4BE-66ED-44D6-A617-DBE9FB76A2D6}.Release|Win32.ActiveCfg = Release|Win32
		{4F41F4BE-66ED-44D6-A617-DBE9FB76A2D6}.Release|Win32.Build.0 = Release|Win32
	EndGlobalSection
	GlobalSection(SolutionProperties) = preSolution
		HideSolutionNode = FALSE
	EndGlobalSection
EndGlobal
