
Microsoft Visual Studio Solution File, Format Version 11.00
# Visual Studio 2010
Project("{FAE04EC0-301F-11D3-BF4B-00C04F79EFBC}") = "20180321", "Assembly-CSharp.csproj", "{84A1E1EF-2846-6FE2-A61A-572E36D79AB2}"
EndProject
Project("{FAE04EC0-301F-11D3-BF4B-00C04F79EFBC}") = "20180321", "Assembly-CSharp-Editor.csproj", "{074E62FB-664C-9B70-43C7-B60BD96EFE02}"
EndProject
Project("{A6A76F44-5F3D-4189-ADE5-A72B14C4076E}") = "20180321", "Assembly-UnityScript-Editor-firstpass.unityproj", "{11BC55A3-F893-A24F-AEB3-7EB85F0E4F52}"
EndProject
Global
	GlobalSection(SolutionConfigurationPlatforms) = preSolution
		Debug|Any CPU = Debug|Any CPU
		Release|Any CPU = Release|Any CPU
	EndGlobalSection
	GlobalSection(ProjectConfigurationPlatforms) = postSolution
		{84A1E1EF-2846-6FE2-A61A-572E36D79AB2}.Debug|Any CPU.ActiveCfg = Debug|Any CPU
		{84A1E1EF-2846-6FE2-A61A-572E36D79AB2}.Debug|Any CPU.Build.0 = Debug|Any CPU
		{84A1E1EF-2846-6FE2-A61A-572E36D79AB2}.Release|Any CPU.ActiveCfg = Release|Any CPU
		{84A1E1EF-2846-6FE2-A61A-572E36D79AB2}.Release|Any CPU.Build.0 = Release|Any CPU
		{074E62FB-664C-9B70-43C7-B60BD96EFE02}.Debug|Any CPU.ActiveCfg = Debug|Any CPU
		{074E62FB-664C-9B70-43C7-B60BD96EFE02}.Debug|Any CPU.Build.0 = Debug|Any CPU
		{074E62FB-664C-9B70-43C7-B60BD96EFE02}.Release|Any CPU.ActiveCfg = Release|Any CPU
		{074E62FB-664C-9B70-43C7-B60BD96EFE02}.Release|Any CPU.Build.0 = Release|Any CPU
		{11BC55A3-F893-A24F-AEB3-7EB85F0E4F52}.Debug|Any CPU.ActiveCfg = Debug|Any CPU
		{11BC55A3-F893-A24F-AEB3-7EB85F0E4F52}.Debug|Any CPU.Build.0 = Debug|Any CPU
		{11BC55A3-F893-A24F-AEB3-7EB85F0E4F52}.Release|Any CPU.ActiveCfg = Release|Any CPU
		{11BC55A3-F893-A24F-AEB3-7EB85F0E4F52}.Release|Any CPU.Build.0 = Release|Any CPU
	EndGlobalSection
	GlobalSection(SolutionProperties) = preSolution
		HideSolutionNode = FALSE
	EndGlobalSection
	GlobalSection(MonoDevelopProperties) = preSolution
		StartupItem = Assembly-CSharp.csproj
	EndGlobalSection
EndGlobal
