
Microsoft Visual Studio Solution File, Format Version 11.00
# Visual Studio 2010
Project("{9A0421FB-988C-C9C5-AD81-D3D204A01C65}") = "assginment_05", "Assembly-UnityScript.unityproj", "{20E2F936-106C-C3F1-AB1A-7DAD40590CA9}"
EndProject
Global
	GlobalSection(SolutionConfigurationPlatforms) = preSolution
		Debug|Any CPU = Debug|Any CPU
		Release|Any CPU = Release|Any CPU
	EndGlobalSection
	GlobalSection(ProjectConfigurationPlatforms) = postSolution
		{20E2F936-106C-C3F1-AB1A-7DAD40590CA9}.Debug|Any CPU.ActiveCfg = Debug|Any CPU
		{20E2F936-106C-C3F1-AB1A-7DAD40590CA9}.Debug|Any CPU.Build.0 = Debug|Any CPU
		{20E2F936-106C-C3F1-AB1A-7DAD40590CA9}.Release|Any CPU.ActiveCfg = Release|Any CPU
		{20E2F936-106C-C3F1-AB1A-7DAD40590CA9}.Release|Any CPU.Build.0 = Release|Any CPU
	EndGlobalSection
	GlobalSection(SolutionProperties) = preSolution
		HideSolutionNode = FALSE
	EndGlobalSection
	GlobalSection(MonoDevelopProperties) = preSolution
		StartupItem = Assembly-CSharp.csproj
	EndGlobalSection
EndGlobal
