
Microsoft Visual Studio Solution File, Format Version 11.00
# Visual C++ Express 2010
Project("{8BC9CEB8-8B4A-11D0-8D11-00A0C91BC942}") = "0727", "0727\0727.vcxproj", "{53359D2D-58E4-45C1-89EE-E542953CDBFC}"
EndProject
Global
	GlobalSection(SolutionConfigurationPlatforms) = preSolution
		Debug|Win32 = Debug|Win32
		Release|Win32 = Release|Win32
	EndGlobalSection
	GlobalSection(ProjectConfigurationPlatforms) = postSolution
		{53359D2D-58E4-45C1-89EE-E542953CDBFC}.Debug|Win32.ActiveCfg = Debug|Win32
		{53359D2D-58E4-45C1-89EE-E542953CDBFC}.Debug|Win32.Build.0 = Debug|Win32
		{53359D2D-58E4-45C1-89EE-E542953CDBFC}.Release|Win32.ActiveCfg = Release|Win32
		{53359D2D-58E4-45C1-89EE-E542953CDBFC}.Release|Win32.Build.0 = Release|Win32
	EndGlobalSection
	GlobalSection(SolutionProperties) = preSolution
		HideSolutionNode = FALSE
	EndGlobalSection
EndGlobal
