
Microsoft Visual Studio Solution File, Format Version 11.00
# Visual Studio 2010
Project("{FAE04EC0-301F-11D3-BF4B-00C04F79EFBC}") = "20171129", "Assembly-CSharp.csproj", "{9A3C8A25-C6AA-72B1-E1EE-EE2654F6885C}"
EndProject
Project("{FAE04EC0-301F-11D3-BF4B-00C04F79EFBC}") = "20171129", "Assembly-CSharp-Editor.csproj", "{370B2E3F-1863-0930-46BE-BDC70B33354C}"
EndProject
Global
	GlobalSection(SolutionConfigurationPlatforms) = preSolution
		Debug|Any CPU = Debug|Any CPU
		Release|Any CPU = Release|Any CPU
	EndGlobalSection
	GlobalSection(ProjectConfigurationPlatforms) = postSolution
		{9A3C8A25-C6AA-72B1-E1EE-EE2654F6885C}.Debug|Any CPU.ActiveCfg = Debug|Any CPU
		{9A3C8A25-C6AA-72B1-E1EE-EE2654F6885C}.Debug|Any CPU.Build.0 = Debug|Any CPU
		{9A3C8A25-C6AA-72B1-E1EE-EE2654F6885C}.Release|Any CPU.ActiveCfg = Release|Any CPU
		{9A3C8A25-C6AA-72B1-E1EE-EE2654F6885C}.Release|Any CPU.Build.0 = Release|Any CPU
		{370B2E3F-1863-0930-46BE-BDC70B33354C}.Debug|Any CPU.ActiveCfg = Debug|Any CPU
		{370B2E3F-1863-0930-46BE-BDC70B33354C}.Debug|Any CPU.Build.0 = Debug|Any CPU
		{370B2E3F-1863-0930-46BE-BDC70B33354C}.Release|Any CPU.ActiveCfg = Release|Any CPU
		{370B2E3F-1863-0930-46BE-BDC70B33354C}.Release|Any CPU.Build.0 = Release|Any CPU
	EndGlobalSection
	GlobalSection(SolutionProperties) = preSolution
		HideSolutionNode = FALSE
	EndGlobalSection
	GlobalSection(MonoDevelopProperties) = preSolution
		StartupItem = Assembly-CSharp.csproj
	EndGlobalSection
EndGlobal
