
Microsoft Visual Studio Solution File, Format Version 11.00
# Visual Studio 2010
Project("{FAE04EC0-301F-11D3-BF4B-00C04F79EFBC}") = "20180411", "Assembly-CSharp.csproj", "{A0803C28-A32D-750C-97EC-3D100C47961C}"
EndProject
Project("{FAE04EC0-301F-11D3-BF4B-00C04F79EFBC}") = "20180411", "Assembly-CSharp-Editor.csproj", "{0D020352-3851-0FA7-EAE5-60B83D9DD98A}"
EndProject
Project("{5643321A-F59F-B59B-48B5-4CDB785A0A90}") = "20180411", "Assembly-UnityScript-Editor-firstpass.unityproj", "{5B85C4EE-E375-6572-900F-7577A0A70568}"
EndProject
Global
	GlobalSection(SolutionConfigurationPlatforms) = preSolution
		Debug|Any CPU = Debug|Any CPU
		Release|Any CPU = Release|Any CPU
	EndGlobalSection
	GlobalSection(ProjectConfigurationPlatforms) = postSolution
		{A0803C28-A32D-750C-97EC-3D100C47961C}.Debug|Any CPU.ActiveCfg = Debug|Any CPU
		{A0803C28-A32D-750C-97EC-3D100C47961C}.Debug|Any CPU.Build.0 = Debug|Any CPU
		{A0803C28-A32D-750C-97EC-3D100C47961C}.Release|Any CPU.ActiveCfg = Release|Any CPU
		{A0803C28-A32D-750C-97EC-3D100C47961C}.Release|Any CPU.Build.0 = Release|Any CPU
		{0D020352-3851-0FA7-EAE5-60B83D9DD98A}.Debug|Any CPU.ActiveCfg = Debug|Any CPU
		{0D020352-3851-0FA7-EAE5-60B83D9DD98A}.Debug|Any CPU.Build.0 = Debug|Any CPU
		{0D020352-3851-0FA7-EAE5-60B83D9DD98A}.Release|Any CPU.ActiveCfg = Release|Any CPU
		{0D020352-3851-0FA7-EAE5-60B83D9DD98A}.Release|Any CPU.Build.0 = Release|Any CPU
		{5B85C4EE-E375-6572-900F-7577A0A70568}.Debug|Any CPU.ActiveCfg = Debug|Any CPU
		{5B85C4EE-E375-6572-900F-7577A0A70568}.Debug|Any CPU.Build.0 = Debug|Any CPU
		{5B85C4EE-E375-6572-900F-7577A0A70568}.Release|Any CPU.ActiveCfg = Release|Any CPU
		{5B85C4EE-E375-6572-900F-7577A0A70568}.Release|Any CPU.Build.0 = Release|Any CPU
	EndGlobalSection
	GlobalSection(SolutionProperties) = preSolution
		HideSolutionNode = FALSE
	EndGlobalSection
	GlobalSection(MonoDevelopProperties) = preSolution
		StartupItem = Assembly-CSharp.csproj
	EndGlobalSection
EndGlobal
