
Microsoft Visual Studio Solution File, Format Version 11.00
# Visual C++ Express 2010
Project("{8BC9CEB8-8B4A-11D0-8D11-00A0C91BC942}") = "0729_1", "0729_1\0729_1.vcxproj", "{69EA3F6D-2AAA-440F-A91B-0D75C9A7BFDB}"
EndProject
Global
	GlobalSection(SolutionConfigurationPlatforms) = preSolution
		Debug|Win32 = Debug|Win32
		Release|Win32 = Release|Win32
	EndGlobalSection
	GlobalSection(ProjectConfigurationPlatforms) = postSolution
		{69EA3F6D-2AAA-440F-A91B-0D75C9A7BFDB}.Debug|Win32.ActiveCfg = Debug|Win32
		{69EA3F6D-2AAA-440F-A91B-0D75C9A7BFDB}.Debug|Win32.Build.0 = Debug|Win32
		{69EA3F6D-2AAA-440F-A91B-0D75C9A7BFDB}.Release|Win32.ActiveCfg = Release|Win32
		{69EA3F6D-2AAA-440F-A91B-0D75C9A7BFDB}.Release|Win32.Build.0 = Release|Win32
	EndGlobalSection
	GlobalSection(SolutionProperties) = preSolution
		HideSolutionNode = FALSE
	EndGlobalSection
EndGlobal
