
Microsoft Visual Studio Solution File, Format Version 11.00
# Visual C++ Express 2010
Project("{8BC9CEB8-8B4A-11D0-8D11-00A0C91BC942}") = "0613", "0613\0613.vcxproj", "{5AA621F9-A6F2-408A-804E-1FA33C3F388A}"
EndProject
Global
	GlobalSection(SolutionConfigurationPlatforms) = preSolution
		Debug|Win32 = Debug|Win32
		Release|Win32 = Release|Win32
	EndGlobalSection
	GlobalSection(ProjectConfigurationPlatforms) = postSolution
		{5AA621F9-A6F2-408A-804E-1FA33C3F388A}.Debug|Win32.ActiveCfg = Debug|Win32
		{5AA621F9-A6F2-408A-804E-1FA33C3F388A}.Debug|Win32.Build.0 = Debug|Win32
		{5AA621F9-A6F2-408A-804E-1FA33C3F388A}.Release|Win32.ActiveCfg = Release|Win32
		{5AA621F9-A6F2-408A-804E-1FA33C3F388A}.Release|Win32.Build.0 = Release|Win32
	EndGlobalSection
	GlobalSection(SolutionProperties) = preSolution
		HideSolutionNode = FALSE
	EndGlobalSection
EndGlobal
