
Microsoft Visual Studio Solution File, Format Version 11.00
# Visual C++ Express 2010
Project("{8BC9CEB8-8B4A-11D0-8D11-00A0C91BC942}") = "0805", "0805\0805.vcxproj", "{286B506D-B1AF-4BD1-BF73-D990599F0B63}"
EndProject
Global
	GlobalSection(SolutionConfigurationPlatforms) = preSolution
		Debug|Win32 = Debug|Win32
		Release|Win32 = Release|Win32
	EndGlobalSection
	GlobalSection(ProjectConfigurationPlatforms) = postSolution
		{286B506D-B1AF-4BD1-BF73-D990599F0B63}.Debug|Win32.ActiveCfg = Debug|Win32
		{286B506D-B1AF-4BD1-BF73-D990599F0B63}.Debug|Win32.Build.0 = Debug|Win32
		{286B506D-B1AF-4BD1-BF73-D990599F0B63}.Release|Win32.ActiveCfg = Release|Win32
		{286B506D-B1AF-4BD1-BF73-D990599F0B63}.Release|Win32.Build.0 = Release|Win32
	EndGlobalSection
	GlobalSection(SolutionProperties) = preSolution
		HideSolutionNode = FALSE
	EndGlobalSection
EndGlobal
