
Microsoft Visual Studio Solution File, Format Version 11.00
# Visual C++ Express 2010
Project("{8BC9CEB8-8B4A-11D0-8D11-00A0C91BC942}") = "0727_1", "0727_1\0727_1.vcxproj", "{62DEFB92-9F2E-4A0C-A28A-85A668385E28}"
EndProject
Global
	GlobalSection(SolutionConfigurationPlatforms) = preSolution
		Debug|Win32 = Debug|Win32
		Release|Win32 = Release|Win32
	EndGlobalSection
	GlobalSection(ProjectConfigurationPlatforms) = postSolution
		{62DEFB92-9F2E-4A0C-A28A-85A668385E28}.Debug|Win32.ActiveCfg = Debug|Win32
		{62DEFB92-9F2E-4A0C-A28A-85A668385E28}.Debug|Win32.Build.0 = Debug|Win32
		{62DEFB92-9F2E-4A0C-A28A-85A668385E28}.Release|Win32.ActiveCfg = Release|Win32
		{62DEFB92-9F2E-4A0C-A28A-85A668385E28}.Release|Win32.Build.0 = Release|Win32
	EndGlobalSection
	GlobalSection(SolutionProperties) = preSolution
		HideSolutionNode = FALSE
	EndGlobalSection
EndGlobal
